
Microsoft Visual Studio Solution File, Format Version 12.00
# Visual Studio Version 17
VisualStudioVersion = 17.13.35825.156 d17.13
MinimumVisualStudioVersion = 10.0.40219.1
Project("{FAE04EC0-301F-11D3-BF4B-00C04F79EFBC}") = "Movies.Contracts", "Movies.Contracts\Movies.Contracts.csproj", "{701D3080-0FEC-5D3D-6675-DAC988ACBD83}"
EndProject
Project("{FAE04EC0-301F-11D3-BF4B-00C04F79EFBC}") = "Movies.Application", "Movies.Application\Movies.Application.csproj", "{5C83DAF1-06F9-C857-4427-CF18C7FC6DAE}"
EndProject
Project("{FAE04EC0-301F-11D3-BF4B-00C04F79EFBC}") = "Movies.Api", "Movies.Api\Movies.Api.csproj", "{00D9C465-1AA9-C303-5647-46483F5BB1D5}"
EndProject
Project("{E53339B2-1760-4266-BCC7-CA923CBCF16C}") = "docker-compose", "docker-compose.dcproj", "{81DDED9D-158B-E303-5F62-77A2896D2A5A}"
EndProject
Global
	GlobalSection(SolutionConfigurationPlatforms) = preSolution
		Debug|Any CPU = Debug|Any CPU
		Release|Any CPU = Release|Any CPU
	EndGlobalSection
	GlobalSection(ProjectConfigurationPlatforms) = postSolution
		{701D3080-0FEC-5D3D-6675-DAC988ACBD83}.Debug|Any CPU.ActiveCfg = Debug|Any CPU
		{701D3080-0FEC-5D3D-6675-DAC988ACBD83}.Debug|Any CPU.Build.0 = Debug|Any CPU
		{701D3080-0FEC-5D3D-6675-DAC988ACBD83}.Release|Any CPU.ActiveCfg = Release|Any CPU
		{701D3080-0FEC-5D3D-6675-DAC988ACBD83}.Release|Any CPU.Build.0 = Release|Any CPU
		{5C83DAF1-06F9-C857-4427-CF18C7FC6DAE}.Debug|Any CPU.ActiveCfg = Debug|Any CPU
		{5C83DAF1-06F9-C857-4427-CF18C7FC6DAE}.Debug|Any CPU.Build.0 = Debug|Any CPU
		{5C83DAF1-06F9-C857-4427-CF18C7FC6DAE}.Release|Any CPU.ActiveCfg = Release|Any CPU
		{5C83DAF1-06F9-C857-4427-CF18C7FC6DAE}.Release|Any CPU.Build.0 = Release|Any CPU
		{00D9C465-1AA9-C303-5647-46483F5BB1D5}.Debug|Any CPU.ActiveCfg = Debug|Any CPU
		{00D9C465-1AA9-C303-5647-46483F5BB1D5}.Debug|Any CPU.Build.0 = Debug|Any CPU
		{00D9C465-1AA9-C303-5647-46483F5BB1D5}.Release|Any CPU.ActiveCfg = Release|Any CPU
		{00D9C465-1AA9-C303-5647-46483F5BB1D5}.Release|Any CPU.Build.0 = Release|Any CPU
		{81DDED9D-158B-E303-5F62-77A2896D2A5A}.Debug|Any CPU.ActiveCfg = Debug|Any CPU
		{81DDED9D-158B-E303-5F62-77A2896D2A5A}.Debug|Any CPU.Build.0 = Debug|Any CPU
		{81DDED9D-158B-E303-5F62-77A2896D2A5A}.Release|Any CPU.ActiveCfg = Release|Any CPU
		{81DDED9D-158B-E303-5F62-77A2896D2A5A}.Release|Any CPU.Build.0 = Release|Any CPU
	EndGlobalSection
	GlobalSection(SolutionProperties) = preSolution
		HideSolutionNode = FALSE
	EndGlobalSection
	GlobalSection(ExtensibilityGlobals) = postSolution
		SolutionGuid = {85E571B4-6038-4B13-99C9-C8A802DBF427}
	EndGlobalSection
EndGlobal
